github.com/roberson-io/mmh3 v0.0.0-20190715234734-56144817ff83 h1:UWTeKyra8jA3vH+SWy2/YSZ56kiDacYLGpOrihQ9/wc=
github.com/roberson-io/mmh3 v0.0.0-20190715234734-56144817ff83/go.mod h1:XEESr+X1SY8ZSuc3jqsTlb3clCkqQJ4DcF3Qxv1N3PM=
github.com/spf13/afero v1.2.2 h1:5jhuqJyZCZf2JRofRvN/nIFgIWNzPa3/Vz8mYylgbWc=
github.com/spf13/afero v1.2.2/go.mod h1:9ZxEEn6pIJ8Rxe320qSDBk6AsU0r9pR7Q4OcevTdifk=
golang.org/x/text v0.3.0 h1:g61tztE5qeGQ89tm6NTjjM9VPIm088od1l6aSorWRWg=
golang.org/x/text v0.3.0/go.mod h1:NqM8EUOU14njkJ3fqMW+pc6Ldnwhi/IjpwHt7yyuwOQ=
